{
  "version": 4,
  "terraform_version": "1.8.2",
  "serial": 74,
  "lineage": "50442864-e6ac-cb9b-b14a-ff1be4df2578",
  "outputs": {
    "ansible-forms_job_resource": {
      "value": {
        "approval": "",
        "counter": 4,
        "credentials": {
          "bind_cred": "mybind_cred",
          "ontap_cred": "myontap_cred"
        },
        "cx_profile_name": "cluster1",
        "end": "",
        "extravars": {
          "accountid": "myaccountid",
          "dataclass": "mydataclass",
          "env": "myenv",
          "exposure": "myexposure",
          "name": "github.com/dsha256",
          "opco": "myopco",
          "protection_required": "myprotection_required",
          "region": "myregion",
          "share_name": "myshare_name",
          "size": "mysize",
          "svm_name": "mysvm_name"
        },
        "form_name": "Demo Form Ansible No input",
        "id": "135",
        "last_updated": "2024-05-04T13:28:12Z",
        "no_of_records": 72,
        "output": "\u003cspan class='has-text-warning'\u003e[WARNING]: No inventory was parsed, only implicit localhost is available\u003c/span\u003e \u003cspan class='tag is-info is-light'\u003e2024-05-04 13:28:12\u003c/span\u003e\r\n\u003cspan class='has-text-warning'\u003e[WARNING]: provided hosts list is empty, only localhost is available. Note that\u003c/span\u003e \u003cspan class='tag is-info is-light'\u003e2024-05-04 13:28:12\u003c/span\u003e\r\n\u003cspan class='has-text-warning'\u003ethe implicit localhost does not match 'all'\u003c/span\u003e\r\n\n\u003cspan class='has-text-weight-bold'\u003ePLAY [This is a hello-world example] *******************************************\u003c/span\u003e \u003cspan class='tag is-info is-light'\u003e2024-05-04 13:28:12\u003c/span\u003e\r\n\r\n\u003cspan class='has-text-weight-bold'\u003eTASK [Gathering Facts] *********************************************************\u003c/span\u003e",
        "start": "2024-05-04T13:28:12.000Z",
        "status": "running",
        "target": "Demo Form Ansible No input"
      },
      "type": [
        "object",
        {
          "approval": "string",
          "counter": "number",
          "credentials": [
            "map",
            "string"
          ],
          "cx_profile_name": "string",
          "end": "string",
          "extravars": [
            "map",
            "string"
          ],
          "form_name": "string",
          "id": "string",
          "last_updated": "string",
          "no_of_records": "number",
          "output": "string",
          "start": "string",
          "status": "string",
          "target": "string"
        }
      ]
    }
  },
  "resources": [
    {
      "mode": "managed",
      "type": "ansible-forms_job_resource",
      "name": "job",
      "provider": "provider[\"registry.terraform.io/hashicorp/ansible-forms\"]",
      "instances": [
        {
          "schema_version": 0,
          "attributes": {
            "approval": "",
            "counter": 4,
            "credentials": {
              "bind_cred": "mybind_cred",
              "ontap_cred": "myontap_cred"
            },
            "cx_profile_name": "cluster1",
            "end": "",
            "extravars": {
              "accountid": "myaccountid",
              "dataclass": "mydataclass",
              "env": "myenv",
              "exposure": "myexposure",
              "name": "github.com/dsha256",
              "opco": "myopco",
              "protection_required": "myprotection_required",
              "region": "myregion",
              "share_name": "myshare_name",
              "size": "mysize",
              "svm_name": "mysvm_name"
            },
            "form_name": "Demo Form Ansible No input",
            "id": "135",
            "last_updated": "2024-05-04T13:28:12Z",
            "no_of_records": 72,
            "output": "\u003cspan class='has-text-warning'\u003e[WARNING]: No inventory was parsed, only implicit localhost is available\u003c/span\u003e \u003cspan class='tag is-info is-light'\u003e2024-05-04 13:28:12\u003c/span\u003e\r\n\u003cspan class='has-text-warning'\u003e[WARNING]: provided hosts list is empty, only localhost is available. Note that\u003c/span\u003e \u003cspan class='tag is-info is-light'\u003e2024-05-04 13:28:12\u003c/span\u003e\r\n\u003cspan class='has-text-warning'\u003ethe implicit localhost does not match 'all'\u003c/span\u003e\r\n\n\u003cspan class='has-text-weight-bold'\u003ePLAY [This is a hello-world example] *******************************************\u003c/span\u003e \u003cspan class='tag is-info is-light'\u003e2024-05-04 13:28:12\u003c/span\u003e\r\n\r\n\u003cspan class='has-text-weight-bold'\u003eTASK [Gathering Facts] *********************************************************\u003c/span\u003e",
            "start": "2024-05-04T13:28:12.000Z",
            "status": "running",
            "target": "Demo Form Ansible No input"
          },
          "sensitive_attributes": []
        }
      ]
    }
  ],
  "check_results": null
}
